Microsoft Visual Studio Solution File, Format Version 12.00
# Visual Studio 14
VisualStudioVersion = 14.0.25420.1
MinimumVisualStudioVersion = 10.0.40219.1
Project("{FAE04EC0-301F-11D3-BF4B-00C04F79EFBC}") = "HSAManager", "HSAManager\HSAManager.csproj", "{BE4BFB07-D622-4951-B84C-1D23AE7B901A}"
EndProject
Project("{FAE04EC0-301F-11D3-BF4B-00C04F79EFBC}") = "HSAManager.iOS", "iOS\HSAManager.iOS.csproj", "{91EA112C-11A8-483A-AA31-39E0CDFA8F52}"
EndProject
Project("{FAE04EC0-301F-11D3-BF4B-00C04F79EFBC}") = "HSAManager.Droid", "Droid\HSAManager.Droid.csproj", "{763578FD-79D1-493F-BCE2-36A19822E084}"
EndProject
Global
	GlobalSection(SolutionConfigurationPlatforms) = preSolution
		Debug|Any CPU = Debug|Any CPU
		Debug|iPhone = Debug|iPhone
		Debug|iPhoneSimulator = Debug|iPhoneSimulator
		Release|Any CPU = Release|Any CPU
		Release|iPhone = Release|iPhone
		Release|iPhoneSimulator = Release|iPhoneSimulator
	EndGlobalSection
	GlobalSection(ProjectConfigurationPlatforms) = postSolution
		{BE4BFB07-D622-4951-B84C-1D23AE7B901A}.Debug|Any CPU.ActiveCfg = Debug|Any CPU
		{BE4BFB07-D622-4951-B84C-1D23AE7B901A}.Debug|Any CPU.Build.0 = Debug|Any CPU
		{BE4BFB07-D622-4951-B84C-1D23AE7B901A}.Debug|iPhone.ActiveCfg = Debug|Any CPU
		{BE4BFB07-D622-4951-B84C-1D23AE7B901A}.Debug|iPhone.Build.0 = Debug|Any CPU
		{BE4BFB07-D622-4951-B84C-1D23AE7B901A}.Debug|iPhoneSimulator.ActiveCfg = Debug|Any CPU
		{BE4BFB07-D622-4951-B84C-1D23AE7B901A}.Debug|iPhoneSimulator.Build.0 = Debug|Any CPU
		{BE4BFB07-D622-4951-B84C-1D23AE7B901A}.Release|Any CPU.ActiveCfg = Release|Any CPU
		{BE4BFB07-D622-4951-B84C-1D23AE7B901A}.Release|Any CPU.Build.0 = Release|Any CPU
		{BE4BFB07-D622-4951-B84C-1D23AE7B901A}.Release|iPhone.ActiveCfg = Release|Any CPU
		{BE4BFB07-D622-4951-B84C-1D23AE7B901A}.Release|iPhone.Build.0 = Release|Any CPU
		{BE4BFB07-D622-4951-B84C-1D23AE7B901A}.Release|iPhoneSimulator.ActiveCfg = Release|Any CPU
		{BE4BFB07-D622-4951-B84C-1D23AE7B901A}.Release|iPhoneSimulator.Build.0 = Release|Any CPU
		{91EA112C-11A8-483A-AA31-39E0CDFA8F52}.Debug|Any CPU.ActiveCfg = Debug|iPhoneSimulator
		{91EA112C-11A8-483A-AA31-39E0CDFA8F52}.Debug|Any CPU.Build.0 = Debug|iPhoneSimulator
		{91EA112C-11A8-483A-AA31-39E0CDFA8F52}.Debug|iPhone.ActiveCfg = Debug|iPhone
		{91EA112C-11A8-483A-AA31-39E0CDFA8F52}.Debug|iPhone.Build.0 = Debug|iPhone
		{91EA112C-11A8-483A-AA31-39E0CDFA8F52}.Debug|iPhoneSimulator.ActiveCfg = Debug|iPhoneSimulator
		{91EA112C-11A8-483A-AA31-39E0CDFA8F52}.Debug|iPhoneSimulator.Build.0 = Debug|iPhoneSimulator
		{91EA112C-11A8-483A-AA31-39E0CDFA8F52}.Release|Any CPU.ActiveCfg = Release|iPhone
		{91EA112C-11A8-483A-AA31-39E0CDFA8F52}.Release|Any CPU.Build.0 = Release|iPhone
		{91EA112C-11A8-483A-AA31-39E0CDFA8F52}.Release|iPhone.ActiveCfg = Release|iPhone
		{91EA112C-11A8-483A-AA31-39E0CDFA8F52}.Release|iPhone.Build.0 = Release|iPhone
		{91EA112C-11A8-483A-AA31-39E0CDFA8F52}.Release|iPhoneSimulator.ActiveCfg = Release|iPhoneSimulator
		{91EA112C-11A8-483A-AA31-39E0CDFA8F52}.Release|iPhoneSimulator.Build.0 = Release|iPhoneSimulator
		{763578FD-79D1-493F-BCE2-36A19822E084}.Debug|Any CPU.ActiveCfg = Debug|Any CPU
		{763578FD-79D1-493F-BCE2-36A19822E084}.Debug|Any CPU.Build.0 = Debug|Any CPU
		{763578FD-79D1-493F-BCE2-36A19822E084}.Debug|Any CPU.Deploy.0 = Debug|Any CPU
		{763578FD-79D1-493F-BCE2-36A19822E084}.Debug|iPhone.ActiveCfg = Debug|Any CPU
		{763578FD-79D1-493F-BCE2-36A19822E084}.Debug|iPhone.Build.0 = Debug|Any CPU
		{763578FD-79D1-493F-BCE2-36A19822E084}.Debug|iPhoneSimulator.ActiveCfg = Debug|Any CPU
		{763578FD-79D1-493F-BCE2-36A19822E084}.Debug|iPhoneSimulator.Build.0 = Debug|Any CPU
		{763578FD-79D1-493F-BCE2-36A19822E084}.Release|Any CPU.ActiveCfg = Release|Any CPU
		{763578FD-79D1-493F-BCE2-36A19822E084}.Release|Any CPU.Build.0 = Release|Any CPU
		{763578FD-79D1-493F-BCE2-36A19822E084}.Release|iPhone.ActiveCfg = Release|Any CPU
		{763578FD-79D1-493F-BCE2-36A19822E084}.Release|iPhone.Build.0 = Release|Any CPU
		{763578FD-79D1-493F-BCE2-36A19822E084}.Release|iPhoneSimulator.ActiveCfg = Release|Any CPU
		{763578FD-79D1-493F-BCE2-36A19822E084}.Release|iPhoneSimulator.Build.0 = Release|Any CPU
	EndGlobalSection
	GlobalSection(SolutionProperties) = preSolution
		HideSolutionNode = FALSE
	EndGlobalSection
EndGlobal
